{
    "_readme": [
        "This file locks the dependencies of your project to a known state",
        "Read more about it at http://getcomposer.org/doc/01-basic-usage.md#composer-lock-the-lock-file",
        "This file is @generated automatically"
    ],
    "hash": "5ed3c3456dc83f3e79f7c6b94bc8c747",
    "packages": [
        {
            "name": "cartalyst/data-grid",
            "version": "dev-master",
            "source": {
                "type": "git",
                "url": "git@github.com:cartalyst/data-grid.git",
                "reference": "e598af5492accb675930fb6b44a31378cd91e93a"
            },
            "dist": {
                "type": "zip",
                "url": "https://api.github.com/repos/cartalyst/data-grid/zipball/e598af5492accb675930fb6b44a31378cd91e93a",
                "reference": "e598af5492accb675930fb6b44a31378cd91e93a",
                "shasum": ""
            },
            "require": {
                "illuminate/support": ">=4.1,<4.3",
                "php": ">=5.3.0",
                "symfony/http-foundation": "~2.4"
            },
            "require-dev": {
                "cartalyst/attributes": "~1.0",
                "illuminate/database": ">=4.1,<4.3",
                "mockery/mockery": "~0.9",
                "phpunit/phpunit": "~4.1"
            },
            "suggest": {
                "dompdf/dompdf": "Download your data as PDF files."
            },
            "type": "library",
            "extra": {
                "component": "package",
                "branch-alias": {
                    "dev-master": "2.0.x-dev"
                }
            },
            "autoload": {
                "psr-4": {
                    "Cartalyst\\DataGrid\\": "src"
                }
            },
            "license": [
                "proprietary"
            ],
            "authors": [
                {
                    "name": "Cartalyst LLC",
                    "email": "help@cartalyst.com"
                },
                {
                    "name": "Ben Corlett",
                    "email": "ben.corlett@cartalyst.com",
                    "role": "Developer"
                },
                {
                    "name": "Bruno Gaspar",
                    "email": "bruno.gaspar@cartalyst.com",
                    "role": "Developer"
                },
                {
                    "name": "Dan Syme",
                    "email": "dan.syme@cartalyst.com",
                    "role": "Project Lead"
                },
                {
                    "name": "Suhayb Wardany",
                    "email": "su.wardany@cartalyst.com",
                    "role": "Developer"
                }
            ],
            "description": "HTML markup templating on the client side, simple API on the server side. Incredibly simple and easy to use.",
            "keywords": [
                "cartalyst",
                "data grid",
                "filter",
                "laravel",
                "pagination",
                "php",
                "search"
            ],
            "support": {
                "source": "https://github.com/cartalyst/data-grid/tree/2.0",
                "issues": "https://github.com/cartalyst/data-grid/issues"
            },
            "time": "2014-08-12 20:42:27"
        },
        {
            "name": "illuminate/support",
            "version": "4.2.x-dev",
            "target-dir": "Illuminate/Support",
            "source": {
                "type": "git",
                "url": "https://github.com/illuminate/support.git",
                "reference": "fba264040b5ce2608316b4ebc955d9594b4f1bcd"
            },
            "dist": {
                "type": "zip",
                "url": "https://api.github.com/repos/illuminate/support/zipball/fba264040b5ce2608316b4ebc955d9594b4f1bcd",
                "reference": "fba264040b5ce2608316b4ebc955d9594b4f1bcd",
                "shasum": ""
            },
            "require": {
                "php": ">=5.4.0"
            },
            "require-dev": {
                "jeremeamia/superclosure": "~1.0",
                "patchwork/utf8": "1.1.*"
            },
            "type": "library",
            "extra": {
                "branch-alias": {
                    "dev-master": "4.2-dev"
                }
            },
            "autoload": {
                "psr-0": {
                    "Illuminate\\Support": ""
                },
                "files": [
                    "Illuminate/Support/helpers.php"
                ]
            },
            "notification-url": "https://packagist.org/downloads/",
            "license": [
                "MIT"
            ],
            "authors": [
                {
                    "name": "Taylor Otwell",
                    "email": "taylorotwell@gmail.com"
                }
            ],
            "time": "2014-08-11 16:12:55"
        },
        {
            "name": "symfony/http-foundation",
            "version": "dev-master",
            "target-dir": "Symfony/Component/HttpFoundation",
            "source": {
                "type": "git",
                "url": "https://github.com/symfony/HttpFoundation.git",
                "reference": "d17938f07e168c4e5bb35c209d3c289ccff15d80"
            },
            "dist": {
                "type": "zip",
                "url": "https://api.github.com/repos/symfony/HttpFoundation/zipball/d17938f07e168c4e5bb35c209d3c289ccff15d80",
                "reference": "d17938f07e168c4e5bb35c209d3c289ccff15d80",
                "shasum": ""
            },
            "require": {
                "php": ">=5.3.3"
            },
            "require-dev": {
                "symfony/expression-language": "~2.4"
            },
            "type": "library",
            "extra": {
                "branch-alias": {
                    "dev-master": "2.6-dev"
                }
            },
            "autoload": {
                "psr-0": {
                    "Symfony\\Component\\HttpFoundation\\": ""
                },
                "classmap": [
                    "Symfony/Component/HttpFoundation/Resources/stubs"
                ]
            },
            "notification-url": "https://packagist.org/downloads/",
            "license": [
                "MIT"
            ],
            "authors": [
                {
                    "name": "Fabien Potencier",
                    "email": "fabien@symfony.com",
                    "homepage": "http://fabien.potencier.org",
                    "role": "Lead Developer"
                },
                {
                    "name": "Symfony Community",
                    "homepage": "http://symfony.com/contributors"
                }
            ],
            "description": "Symfony HttpFoundation Component",
            "homepage": "http://symfony.com",
            "time": "2014-05-26 19:02:51"
        }
    ],
    "packages-dev": [],
    "aliases": [],
    "minimum-stability": "dev",
    "stability-flags": [],
    "prefer-stable": false,
    "platform": [],
    "platform-dev": []
}
